
Microsoft Visual Studio Solution File, Format Version 12.00
# Visual Studio 2017
Project("{FAE04EC0-301F-11D3-BF4B-00C04F79EFBC}") = "PokerVR", "PokerVR.csproj", "{1FBB8C95-8D7C-6FE2-C9DA-276442AF3662}"
EndProject
Project("{FAE04EC0-301F-11D3-BF4B-00C04F79EFBC}") = "PokerVR.Editor", "PokerVR.Editor.csproj", "{225F30EE-3788-6E14-C754-7657D0B434C9}"
EndProject
Global
	GlobalSection(SolutionConfigurationPlatforms) = preSolution
		Debug|Any CPU = Debug|Any CPU
		Release|Any CPU = Release|Any CPU
	EndGlobalSection
	GlobalSection(ProjectConfigurationPlatforms) = postSolution
		{1FBB8C95-8D7C-6FE2-C9DA-276442AF3662}.Debug|Any CPU.ActiveCfg = Debug|Any CPU
		{1FBB8C95-8D7C-6FE2-C9DA-276442AF3662}.Debug|Any CPU.Build.0 = Debug|Any CPU
		{1FBB8C95-8D7C-6FE2-C9DA-276442AF3662}.Release|Any CPU.ActiveCfg = Release|Any CPU
		{1FBB8C95-8D7C-6FE2-C9DA-276442AF3662}.Release|Any CPU.Build.0 = Release|Any CPU
		{225F30EE-3788-6E14-C754-7657D0B434C9}.Debug|Any CPU.ActiveCfg = Debug|Any CPU
		{225F30EE-3788-6E14-C754-7657D0B434C9}.Debug|Any CPU.Build.0 = Debug|Any CPU
		{225F30EE-3788-6E14-C754-7657D0B434C9}.Release|Any CPU.ActiveCfg = Release|Any CPU
		{225F30EE-3788-6E14-C754-7657D0B434C9}.Release|Any CPU.Build.0 = Release|Any CPU
	EndGlobalSection
	GlobalSection(SolutionProperties) = preSolution
		HideSolutionNode = FALSE
	EndGlobalSection
EndGlobal
